
Microsoft Visual Studio Solution File, Format Version 12.00
# Visual Studio Version 16
VisualStudioVersion = 16.0.30621.155
MinimumVisualStudioVersion = 10.0.40219.1
Project("{8BC9CEB8-8B4A-11D0-8D11-00A0C91BC942}") = "battlecity", "sdl2\BattleCitySDL\battlecity.vcxproj", "{446D7B60-D6C0-4B2E-8571-63C239ACBF20}"
EndProject
Project("{8BC9CEB8-8B4A-11D0-8D11-00A0C91BC942}") = "pushover", "sdl2\pushover\pushover.vcxproj", "{F742FAD5-40DB-435A-A1DB-CD0BD5948E60}"
EndProject
Project("{8BC9CEB8-8B4A-11D0-8D11-00A0C91BC942}") = "anotherworld", "sdl2\anotherworld\anotherworld.vcxproj", "{BDF4DBDB-40BE-4DC6-B596-7632A292A530}"
EndProject
Project("{8BC9CEB8-8B4A-11D0-8D11-00A0C91BC942}") = "openTitus", "sdl2\OpenTitus\openTitus.vcxproj", "{3FE25C30-0A74-4B0B-B35E-E7A9CF5DC77F}"
EndProject
Project("{8BC9CEB8-8B4A-11D0-8D11-00A0C91BC942}") = "3guys", "sdl2\3Guys\3guys.vcxproj", "{C5B94D67-7189-4DE3-A48A-24D8BBAB885A}"
EndProject
Project("{8BC9CEB8-8B4A-11D0-8D11-00A0C91BC942}") = "SpaceInvader", "sdl2\SpaceInvader\Space_Invader.vcxproj", "{F115AAE7-4657-410E-9212-83AB19280E83}"
EndProject
Project("{8BC9CEB8-8B4A-11D0-8D11-00A0C91BC942}") = "uMario", "sdl2\uMario\uNext\uNext.vcxproj", "{B65029AD-D325-4EC0-AF35-189FD519A3CD}"
EndProject
Project("{8BC9CEB8-8B4A-11D0-8D11-00A0C91BC942}") = "AdventureInSDL2", "sdl2\AdventureInSDL2\AdventureInSDL2.vcxproj", "{897EB14A-7906-47B1-9A00-112E3C274426}"
EndProject
Project("{8BC9CEB8-8B4A-11D0-8D11-00A0C91BC942}") = "ArkanoidRemakeSdl", "sdl2\arkanoid\ArkanoidRemakeSdl\projects\VS2019\ArkanoidRemakeSdl.vcxproj", "{FCF286E5-F178-4D1B-9228-D1B2C4B616DA}"
EndProject
Global
	GlobalSection(SolutionConfigurationPlatforms) = preSolution
		Debug|x64 = Debug|x64
		Debug|x86 = Debug|x86
		Release|x64 = Release|x64
		Release|x86 = Release|x86
	EndGlobalSection
	GlobalSection(ProjectConfigurationPlatforms) = postSolution
		{446D7B60-D6C0-4B2E-8571-63C239ACBF20}.Debug|x64.ActiveCfg = Debug|Win32
		{446D7B60-D6C0-4B2E-8571-63C239ACBF20}.Debug|x86.ActiveCfg = Debug|Win32
		{446D7B60-D6C0-4B2E-8571-63C239ACBF20}.Debug|x86.Build.0 = Debug|Win32
		{446D7B60-D6C0-4B2E-8571-63C239ACBF20}.Release|x64.ActiveCfg = Release|Win32
		{446D7B60-D6C0-4B2E-8571-63C239ACBF20}.Release|x86.ActiveCfg = Release|Win32
		{446D7B60-D6C0-4B2E-8571-63C239ACBF20}.Release|x86.Build.0 = Release|Win32
		{F742FAD5-40DB-435A-A1DB-CD0BD5948E60}.Debug|x64.ActiveCfg = Debug|x64
		{F742FAD5-40DB-435A-A1DB-CD0BD5948E60}.Debug|x64.Build.0 = Debug|x64
		{F742FAD5-40DB-435A-A1DB-CD0BD5948E60}.Debug|x86.ActiveCfg = Debug|Win32
		{F742FAD5-40DB-435A-A1DB-CD0BD5948E60}.Debug|x86.Build.0 = Debug|Win32
		{F742FAD5-40DB-435A-A1DB-CD0BD5948E60}.Release|x64.ActiveCfg = Release|x64
		{F742FAD5-40DB-435A-A1DB-CD0BD5948E60}.Release|x64.Build.0 = Release|x64
		{F742FAD5-40DB-435A-A1DB-CD0BD5948E60}.Release|x86.ActiveCfg = Release|Win32
		{F742FAD5-40DB-435A-A1DB-CD0BD5948E60}.Release|x86.Build.0 = Release|Win32
		{BDF4DBDB-40BE-4DC6-B596-7632A292A530}.Debug|x64.ActiveCfg = Debug|x64
		{BDF4DBDB-40BE-4DC6-B596-7632A292A530}.Debug|x64.Build.0 = Debug|x64
		{BDF4DBDB-40BE-4DC6-B596-7632A292A530}.Debug|x86.ActiveCfg = Debug|Win32
		{BDF4DBDB-40BE-4DC6-B596-7632A292A530}.Debug|x86.Build.0 = Debug|Win32
		{BDF4DBDB-40BE-4DC6-B596-7632A292A530}.Release|x64.ActiveCfg = Release|x64
		{BDF4DBDB-40BE-4DC6-B596-7632A292A530}.Release|x64.Build.0 = Release|x64
		{BDF4DBDB-40BE-4DC6-B596-7632A292A530}.Release|x86.ActiveCfg = Release|Win32
		{BDF4DBDB-40BE-4DC6-B596-7632A292A530}.Release|x86.Build.0 = Release|Win32
		{3FE25C30-0A74-4B0B-B35E-E7A9CF5DC77F}.Debug|x64.ActiveCfg = Debug|Win32
		{3FE25C30-0A74-4B0B-B35E-E7A9CF5DC77F}.Debug|x86.ActiveCfg = Debug|Win32
		{3FE25C30-0A74-4B0B-B35E-E7A9CF5DC77F}.Debug|x86.Build.0 = Debug|Win32
		{3FE25C30-0A74-4B0B-B35E-E7A9CF5DC77F}.Release|x64.ActiveCfg = Release|Win32
		{3FE25C30-0A74-4B0B-B35E-E7A9CF5DC77F}.Release|x86.ActiveCfg = Release|Win32
		{3FE25C30-0A74-4B0B-B35E-E7A9CF5DC77F}.Release|x86.Build.0 = Release|Win32
		{C5B94D67-7189-4DE3-A48A-24D8BBAB885A}.Debug|x64.ActiveCfg = Debug|Win32
		{C5B94D67-7189-4DE3-A48A-24D8BBAB885A}.Debug|x86.ActiveCfg = Debug|Win32
		{C5B94D67-7189-4DE3-A48A-24D8BBAB885A}.Debug|x86.Build.0 = Debug|Win32
		{C5B94D67-7189-4DE3-A48A-24D8BBAB885A}.Release|x64.ActiveCfg = Release|Win32
		{C5B94D67-7189-4DE3-A48A-24D8BBAB885A}.Release|x86.ActiveCfg = Release|Win32
		{C5B94D67-7189-4DE3-A48A-24D8BBAB885A}.Release|x86.Build.0 = Release|Win32
		{F115AAE7-4657-410E-9212-83AB19280E83}.Debug|x64.ActiveCfg = Debug|x64
		{F115AAE7-4657-410E-9212-83AB19280E83}.Debug|x64.Build.0 = Debug|x64
		{F115AAE7-4657-410E-9212-83AB19280E83}.Debug|x86.ActiveCfg = Debug|Win32
		{F115AAE7-4657-410E-9212-83AB19280E83}.Debug|x86.Build.0 = Debug|Win32
		{F115AAE7-4657-410E-9212-83AB19280E83}.Release|x64.ActiveCfg = Release|x64
		{F115AAE7-4657-410E-9212-83AB19280E83}.Release|x64.Build.0 = Release|x64
		{F115AAE7-4657-410E-9212-83AB19280E83}.Release|x86.ActiveCfg = Release|Win32
		{F115AAE7-4657-410E-9212-83AB19280E83}.Release|x86.Build.0 = Release|Win32
		{B65029AD-D325-4EC0-AF35-189FD519A3CD}.Debug|x64.ActiveCfg = Debug|Win32
		{B65029AD-D325-4EC0-AF35-189FD519A3CD}.Debug|x86.ActiveCfg = Debug|Win32
		{B65029AD-D325-4EC0-AF35-189FD519A3CD}.Debug|x86.Build.0 = Debug|Win32
		{B65029AD-D325-4EC0-AF35-189FD519A3CD}.Release|x64.ActiveCfg = Release|Win32
		{B65029AD-D325-4EC0-AF35-189FD519A3CD}.Release|x86.ActiveCfg = Release|Win32
		{B65029AD-D325-4EC0-AF35-189FD519A3CD}.Release|x86.Build.0 = Release|Win32
		{897EB14A-7906-47B1-9A00-112E3C274426}.Debug|x64.ActiveCfg = Debug|x64
		{897EB14A-7906-47B1-9A00-112E3C274426}.Debug|x64.Build.0 = Debug|x64
		{897EB14A-7906-47B1-9A00-112E3C274426}.Debug|x86.ActiveCfg = Debug|Win32
		{897EB14A-7906-47B1-9A00-112E3C274426}.Debug|x86.Build.0 = Debug|Win32
		{897EB14A-7906-47B1-9A00-112E3C274426}.Release|x64.ActiveCfg = Release|x64
		{897EB14A-7906-47B1-9A00-112E3C274426}.Release|x64.Build.0 = Release|x64
		{897EB14A-7906-47B1-9A00-112E3C274426}.Release|x86.ActiveCfg = Release|Win32
		{897EB14A-7906-47B1-9A00-112E3C274426}.Release|x86.Build.0 = Release|Win32
		{FCF286E5-F178-4D1B-9228-D1B2C4B616DA}.Debug|x64.ActiveCfg = Debug|x64
		{FCF286E5-F178-4D1B-9228-D1B2C4B616DA}.Debug|x64.Build.0 = Debug|x64
		{FCF286E5-F178-4D1B-9228-D1B2C4B616DA}.Debug|x86.ActiveCfg = Debug|Win32
		{FCF286E5-F178-4D1B-9228-D1B2C4B616DA}.Debug|x86.Build.0 = Debug|Win32
		{FCF286E5-F178-4D1B-9228-D1B2C4B616DA}.Release|x64.ActiveCfg = Release|x64
		{FCF286E5-F178-4D1B-9228-D1B2C4B616DA}.Release|x64.Build.0 = Release|x64
		{FCF286E5-F178-4D1B-9228-D1B2C4B616DA}.Release|x86.ActiveCfg = Release|Win32
		{FCF286E5-F178-4D1B-9228-D1B2C4B616DA}.Release|x86.Build.0 = Release|Win32
	EndGlobalSection
	GlobalSection(SolutionProperties) = preSolution
		HideSolutionNode = FALSE
	EndGlobalSection
	GlobalSection(ExtensibilityGlobals) = postSolution
		SolutionGuid = {C5D23E78-9A69-4FB9-9B60-8D5FBA5FC194}
	EndGlobalSection
EndGlobal
