
Microsoft Visual Studio Solution File, Format Version 12.00
# Visual Studio Version 16
VisualStudioVersion = 16.0.30621.155
MinimumVisualStudioVersion = 10.0.40219.1
Project("{8BC9CEB8-8B4A-11D0-8D11-00A0C91BC942}") = "battlecity", "sdl2\BattleCitySDL\battlecity.vcxproj", "{446D7B60-D6C0-4B2E-8571-63C239ACBF20}"
EndProject
Project("{8BC9CEB8-8B4A-11D0-8D11-00A0C91BC942}") = "pushover", "sdl2\pushover\pushover.vcxproj", "{F742FAD5-40DB-435A-A1DB-CD0BD5948E60}"
EndProject
Project("{8BC9CEB8-8B4A-11D0-8D11-00A0C91BC942}") = "anotherworld", "sdl2\anotherworld\anotherworld.vcxproj", "{BDF4DBDB-40BE-4DC6-B596-7632A292A530}"
EndProject
Project("{8BC9CEB8-8B4A-11D0-8D11-00A0C91BC942}") = "openTitus", "sdl2\OpenTitus\openTitus.vcxproj", "{3FE25C30-0A74-4B0B-B35E-E7A9CF5DC77F}"
EndProject
Project("{8BC9CEB8-8B4A-11D0-8D11-00A0C91BC942}") = "3guys", "sdl2\3Guys\3guys.vcxproj", "{C5B94D67-7189-4DE3-A48A-24D8BBAB885A}"
EndProject
Project("{8BC9CEB8-8B4A-11D0-8D11-00A0C91BC942}") = "SpaceInvader", "sdl2\SpaceInvader\Space_Invader.vcxproj", "{F115AAE7-4657-410E-9212-83AB19280E83}"
EndProject
Project("{8BC9CEB8-8B4A-11D0-8D11-00A0C91BC942}") = "uMario", "sdl2\uMario\uNext\uNext.vcxproj", "{B65029AD-D325-4EC0-AF35-189FD519A3CD}"
EndProject
Project("{8BC9CEB8-8B4A-11D0-8D11-00A0C91BC942}") = "AdventureInSDL2", "sdl2\AdventureInSDL2\AdventureInSDL2.vcxproj", "{897EB14A-7906-47B1-9A00-112E3C274426}"
EndProject
Project("{8BC9CEB8-8B4A-11D0-8D11-00A0C91BC942}") = "catquest", "sdl2\catquest\catquest.vcxproj", "{628DA794-E728-4EAE-9DE5-D655856432FE}"
EndProject
Project("{8BC9CEB8-8B4A-11D0-8D11-00A0C91BC942}") = "CaveStory", "sdl2\CaveStory\msvc2003\CSE2.vcxproj", "{6B8CC57F-5656-4C4B-8FCB-B0C326FCB4D4}"
EndProject
Project("{8BC9CEB8-8B4A-11D0-8D11-00A0C91BC942}") = "chess", "sdl2\chess\chess.vcxproj", "{E14FD117-3921-4B2D-BC8A-6C36DA4B9B37}"
EndProject
Project("{8BC9CEB8-8B4A-11D0-8D11-00A0C91BC942}") = "doomretro", "sdl2\doomretro\msvc\doomretro.vcxproj", "{8B744A3B-8F18-41A0-85A3-293816E85B6E}"
EndProject
Project("{8BC9CEB8-8B4A-11D0-8D11-00A0C91BC942}") = "flashback", "sdl2\flashback\flashback.vcxproj", "{8EDD19E6-496C-48B4-91F6-032A664B294A}"
EndProject
Project("{8BC9CEB8-8B4A-11D0-8D11-00A0C91BC942}") = "GNUBoy", "sdl2\GNUBoy\GNUBoy.vcxproj", "{DE7E650D-BC2A-405B-982E-D3B030DE4814}"
EndProject
Project("{8BC9CEB8-8B4A-11D0-8D11-00A0C91BC942}") = "fmsx-sdl", "sdl2\fmsx-sdl\fmsx.vcxproj", "{C8E13519-5F75-4D9C-B22E-20CED0D742B2}"
EndProject
Project("{8BC9CEB8-8B4A-11D0-8D11-00A0C91BC942}") = "sdlbird", "sdl2\sdlbird\sdlbird.vcxproj", "{42DA729A-622B-416F-8A12-C44FA3DF67D0}"
EndProject
Project("{8BC9CEB8-8B4A-11D0-8D11-00A0C91BC942}") = "tbftss", "sdl2\tbftss\tbftss.vcxproj", "{B495D082-C8B1-4B0F-87B2-805560290F99}"
EndProject
Project("{8BC9CEB8-8B4A-11D0-8D11-00A0C91BC942}") = "ravage", "sdl2\ravage\ravage.vcxproj", "{F64845A7-827D-4DFA-8206-4D248DB3D6CD}"
EndProject
Project("{8BC9CEB8-8B4A-11D0-8D11-00A0C91BC942}") = "Pacman2", "sdl2\Pacman2\Pacman2.vcxproj", "{3FEAF0E0-8BB5-4B67-A665-7A829ABD1240}"
EndProject
Project("{8BC9CEB8-8B4A-11D0-8D11-00A0C91BC942}") = "Imdave", "sdl2\lmdave\lmdave.vcxproj", "{038F168B-8DCF-4E2C-A5DB-AE65A874CF35}"
EndProject
Project("{8BC9CEB8-8B4A-11D0-8D11-00A0C91BC942}") = "nanogui", "sdl2\nanogui\nanogui.vcxproj", "{5EAA6DEF-4E95-48BA-9002-9DC2240BA24C}"
EndProject
Project("{8BC9CEB8-8B4A-11D0-8D11-00A0C91BC942}") = "edgar", "sdl2\edgar-1.31\edgar.vcxproj", "{384ABF8F-C638-4ED2-B5CE-4B2786F48C85}"
EndProject
Project("{8BC9CEB8-8B4A-11D0-8D11-00A0C91BC942}") = "cosmo", "sdl2\cosmo\cosmo.vcxproj", "{0E07AB8C-D31A-4DC1-B61E-88194D3FED50}"
EndProject
Project("{8BC9CEB8-8B4A-11D0-8D11-00A0C91BC942}") = "openblok", "sdl2\openblock\openblock.vcxproj", "{C4797E3F-25FB-4670-B0FC-018464C04EB9}"
EndProject
Project("{8BC9CEB8-8B4A-11D0-8D11-00A0C91BC942}") = "simplesok", "sdl2\simplesok\simplesok.vcxproj", "{C8A42380-FFF5-4BFE-A22E-1BA652CC3D35}"
EndProject
Project("{8BC9CEB8-8B4A-11D0-8D11-00A0C91BC942}") = "Pacman", "sdl2\Pacman\Pacman.vcxproj", "{7AEF3CCD-66E5-46B6-97DF-97DF8DBFFEA1}"
EndProject
Global
	GlobalSection(SolutionConfigurationPlatforms) = preSolution
		Debug|x64 = Debug|x64
		Debug|x86 = Debug|x86
		Release|x64 = Release|x64
		Release|x86 = Release|x86
	EndGlobalSection
	GlobalSection(ProjectConfigurationPlatforms) = postSolution
		{446D7B60-D6C0-4B2E-8571-63C239ACBF20}.Debug|x64.ActiveCfg = Debug|Win32
		{446D7B60-D6C0-4B2E-8571-63C239ACBF20}.Debug|x86.ActiveCfg = Debug|Win32
		{446D7B60-D6C0-4B2E-8571-63C239ACBF20}.Debug|x86.Build.0 = Debug|Win32
		{446D7B60-D6C0-4B2E-8571-63C239ACBF20}.Release|x64.ActiveCfg = Release|Win32
		{446D7B60-D6C0-4B2E-8571-63C239ACBF20}.Release|x86.ActiveCfg = Release|Win32
		{446D7B60-D6C0-4B2E-8571-63C239ACBF20}.Release|x86.Build.0 = Release|Win32
		{F742FAD5-40DB-435A-A1DB-CD0BD5948E60}.Debug|x64.ActiveCfg = Debug|x64
		{F742FAD5-40DB-435A-A1DB-CD0BD5948E60}.Debug|x64.Build.0 = Debug|x64
		{F742FAD5-40DB-435A-A1DB-CD0BD5948E60}.Debug|x86.ActiveCfg = Debug|Win32
		{F742FAD5-40DB-435A-A1DB-CD0BD5948E60}.Debug|x86.Build.0 = Debug|Win32
		{F742FAD5-40DB-435A-A1DB-CD0BD5948E60}.Release|x64.ActiveCfg = Release|x64
		{F742FAD5-40DB-435A-A1DB-CD0BD5948E60}.Release|x64.Build.0 = Release|x64
		{F742FAD5-40DB-435A-A1DB-CD0BD5948E60}.Release|x86.ActiveCfg = Release|Win32
		{F742FAD5-40DB-435A-A1DB-CD0BD5948E60}.Release|x86.Build.0 = Release|Win32
		{BDF4DBDB-40BE-4DC6-B596-7632A292A530}.Debug|x64.ActiveCfg = Debug|x64
		{BDF4DBDB-40BE-4DC6-B596-7632A292A530}.Debug|x64.Build.0 = Debug|x64
		{BDF4DBDB-40BE-4DC6-B596-7632A292A530}.Debug|x86.ActiveCfg = Debug|Win32
		{BDF4DBDB-40BE-4DC6-B596-7632A292A530}.Debug|x86.Build.0 = Debug|Win32
		{BDF4DBDB-40BE-4DC6-B596-7632A292A530}.Release|x64.ActiveCfg = Release|x64
		{BDF4DBDB-40BE-4DC6-B596-7632A292A530}.Release|x64.Build.0 = Release|x64
		{BDF4DBDB-40BE-4DC6-B596-7632A292A530}.Release|x86.ActiveCfg = Release|Win32
		{BDF4DBDB-40BE-4DC6-B596-7632A292A530}.Release|x86.Build.0 = Release|Win32
		{3FE25C30-0A74-4B0B-B35E-E7A9CF5DC77F}.Debug|x64.ActiveCfg = Debug|Win32
		{3FE25C30-0A74-4B0B-B35E-E7A9CF5DC77F}.Debug|x86.ActiveCfg = Debug|Win32
		{3FE25C30-0A74-4B0B-B35E-E7A9CF5DC77F}.Debug|x86.Build.0 = Debug|Win32
		{3FE25C30-0A74-4B0B-B35E-E7A9CF5DC77F}.Release|x64.ActiveCfg = Release|Win32
		{3FE25C30-0A74-4B0B-B35E-E7A9CF5DC77F}.Release|x86.ActiveCfg = Release|Win32
		{3FE25C30-0A74-4B0B-B35E-E7A9CF5DC77F}.Release|x86.Build.0 = Release|Win32
		{C5B94D67-7189-4DE3-A48A-24D8BBAB885A}.Debug|x64.ActiveCfg = Debug|Win32
		{C5B94D67-7189-4DE3-A48A-24D8BBAB885A}.Debug|x86.ActiveCfg = Debug|Win32
		{C5B94D67-7189-4DE3-A48A-24D8BBAB885A}.Debug|x86.Build.0 = Debug|Win32
		{C5B94D67-7189-4DE3-A48A-24D8BBAB885A}.Release|x64.ActiveCfg = Release|Win32
		{C5B94D67-7189-4DE3-A48A-24D8BBAB885A}.Release|x86.ActiveCfg = Release|Win32
		{C5B94D67-7189-4DE3-A48A-24D8BBAB885A}.Release|x86.Build.0 = Release|Win32
		{F115AAE7-4657-410E-9212-83AB19280E83}.Debug|x64.ActiveCfg = Debug|x64
		{F115AAE7-4657-410E-9212-83AB19280E83}.Debug|x64.Build.0 = Debug|x64
		{F115AAE7-4657-410E-9212-83AB19280E83}.Debug|x86.ActiveCfg = Debug|Win32
		{F115AAE7-4657-410E-9212-83AB19280E83}.Debug|x86.Build.0 = Debug|Win32
		{F115AAE7-4657-410E-9212-83AB19280E83}.Release|x64.ActiveCfg = Release|x64
		{F115AAE7-4657-410E-9212-83AB19280E83}.Release|x64.Build.0 = Release|x64
		{F115AAE7-4657-410E-9212-83AB19280E83}.Release|x86.ActiveCfg = Release|Win32
		{F115AAE7-4657-410E-9212-83AB19280E83}.Release|x86.Build.0 = Release|Win32
		{B65029AD-D325-4EC0-AF35-189FD519A3CD}.Debug|x64.ActiveCfg = Debug|Win32
		{B65029AD-D325-4EC0-AF35-189FD519A3CD}.Debug|x86.ActiveCfg = Debug|Win32
		{B65029AD-D325-4EC0-AF35-189FD519A3CD}.Debug|x86.Build.0 = Debug|Win32
		{B65029AD-D325-4EC0-AF35-189FD519A3CD}.Release|x64.ActiveCfg = Release|Win32
		{B65029AD-D325-4EC0-AF35-189FD519A3CD}.Release|x86.ActiveCfg = Release|Win32
		{B65029AD-D325-4EC0-AF35-189FD519A3CD}.Release|x86.Build.0 = Release|Win32
		{897EB14A-7906-47B1-9A00-112E3C274426}.Debug|x64.ActiveCfg = Debug|x64
		{897EB14A-7906-47B1-9A00-112E3C274426}.Debug|x64.Build.0 = Debug|x64
		{897EB14A-7906-47B1-9A00-112E3C274426}.Debug|x86.ActiveCfg = Debug|Win32
		{897EB14A-7906-47B1-9A00-112E3C274426}.Debug|x86.Build.0 = Debug|Win32
		{897EB14A-7906-47B1-9A00-112E3C274426}.Release|x64.ActiveCfg = Release|x64
		{897EB14A-7906-47B1-9A00-112E3C274426}.Release|x64.Build.0 = Release|x64
		{897EB14A-7906-47B1-9A00-112E3C274426}.Release|x86.ActiveCfg = Release|Win32
		{897EB14A-7906-47B1-9A00-112E3C274426}.Release|x86.Build.0 = Release|Win32
		{628DA794-E728-4EAE-9DE5-D655856432FE}.Debug|x64.ActiveCfg = Debug|x64
		{628DA794-E728-4EAE-9DE5-D655856432FE}.Debug|x64.Build.0 = Debug|x64
		{628DA794-E728-4EAE-9DE5-D655856432FE}.Debug|x86.ActiveCfg = Debug|Win32
		{628DA794-E728-4EAE-9DE5-D655856432FE}.Debug|x86.Build.0 = Debug|Win32
		{628DA794-E728-4EAE-9DE5-D655856432FE}.Release|x64.ActiveCfg = Release|x64
		{628DA794-E728-4EAE-9DE5-D655856432FE}.Release|x64.Build.0 = Release|x64
		{628DA794-E728-4EAE-9DE5-D655856432FE}.Release|x86.ActiveCfg = Release|Win32
		{628DA794-E728-4EAE-9DE5-D655856432FE}.Release|x86.Build.0 = Release|Win32
		{6B8CC57F-5656-4C4B-8FCB-B0C326FCB4D4}.Debug|x64.ActiveCfg = Debug|Win32
		{6B8CC57F-5656-4C4B-8FCB-B0C326FCB4D4}.Debug|x86.ActiveCfg = Debug|Win32
		{6B8CC57F-5656-4C4B-8FCB-B0C326FCB4D4}.Debug|x86.Build.0 = Debug|Win32
		{6B8CC57F-5656-4C4B-8FCB-B0C326FCB4D4}.Release|x64.ActiveCfg = Release|Win32
		{6B8CC57F-5656-4C4B-8FCB-B0C326FCB4D4}.Release|x86.ActiveCfg = Release|Win32
		{6B8CC57F-5656-4C4B-8FCB-B0C326FCB4D4}.Release|x86.Build.0 = Release|Win32
		{E14FD117-3921-4B2D-BC8A-6C36DA4B9B37}.Debug|x64.ActiveCfg = Debug|Win32
		{E14FD117-3921-4B2D-BC8A-6C36DA4B9B37}.Debug|x86.ActiveCfg = Debug|Win32
		{E14FD117-3921-4B2D-BC8A-6C36DA4B9B37}.Debug|x86.Build.0 = Debug|Win32
		{E14FD117-3921-4B2D-BC8A-6C36DA4B9B37}.Release|x64.ActiveCfg = Release|Win32
		{E14FD117-3921-4B2D-BC8A-6C36DA4B9B37}.Release|x86.ActiveCfg = Release|Win32
		{E14FD117-3921-4B2D-BC8A-6C36DA4B9B37}.Release|x86.Build.0 = Release|Win32
		{8B744A3B-8F18-41A0-85A3-293816E85B6E}.Debug|x64.ActiveCfg = Debug|x64
		{8B744A3B-8F18-41A0-85A3-293816E85B6E}.Debug|x64.Build.0 = Debug|x64
		{8B744A3B-8F18-41A0-85A3-293816E85B6E}.Debug|x86.ActiveCfg = Debug|Win32
		{8B744A3B-8F18-41A0-85A3-293816E85B6E}.Debug|x86.Build.0 = Debug|Win32
		{8B744A3B-8F18-41A0-85A3-293816E85B6E}.Release|x64.ActiveCfg = Release|x64
		{8B744A3B-8F18-41A0-85A3-293816E85B6E}.Release|x64.Build.0 = Release|x64
		{8B744A3B-8F18-41A0-85A3-293816E85B6E}.Release|x86.ActiveCfg = Release|Win32
		{8B744A3B-8F18-41A0-85A3-293816E85B6E}.Release|x86.Build.0 = Release|Win32
		{8EDD19E6-496C-48B4-91F6-032A664B294A}.Debug|x64.ActiveCfg = Debug|x64
		{8EDD19E6-496C-48B4-91F6-032A664B294A}.Debug|x64.Build.0 = Debug|x64
		{8EDD19E6-496C-48B4-91F6-032A664B294A}.Debug|x86.ActiveCfg = Debug|Win32
		{8EDD19E6-496C-48B4-91F6-032A664B294A}.Debug|x86.Build.0 = Debug|Win32
		{8EDD19E6-496C-48B4-91F6-032A664B294A}.Release|x64.ActiveCfg = Release|x64
		{8EDD19E6-496C-48B4-91F6-032A664B294A}.Release|x64.Build.0 = Release|x64
		{8EDD19E6-496C-48B4-91F6-032A664B294A}.Release|x86.ActiveCfg = Release|Win32
		{8EDD19E6-496C-48B4-91F6-032A664B294A}.Release|x86.Build.0 = Release|Win32
		{DE7E650D-BC2A-405B-982E-D3B030DE4814}.Debug|x64.ActiveCfg = Debug|Win32
		{DE7E650D-BC2A-405B-982E-D3B030DE4814}.Debug|x86.ActiveCfg = Debug|Win32
		{DE7E650D-BC2A-405B-982E-D3B030DE4814}.Debug|x86.Build.0 = Debug|Win32
		{DE7E650D-BC2A-405B-982E-D3B030DE4814}.Release|x64.ActiveCfg = Release|Win32
		{DE7E650D-BC2A-405B-982E-D3B030DE4814}.Release|x86.ActiveCfg = Release|Win32
		{DE7E650D-BC2A-405B-982E-D3B030DE4814}.Release|x86.Build.0 = Release|Win32
		{C8E13519-5F75-4D9C-B22E-20CED0D742B2}.Debug|x64.ActiveCfg = Debug|x64
		{C8E13519-5F75-4D9C-B22E-20CED0D742B2}.Debug|x64.Build.0 = Debug|x64
		{C8E13519-5F75-4D9C-B22E-20CED0D742B2}.Debug|x86.ActiveCfg = Debug|Win32
		{C8E13519-5F75-4D9C-B22E-20CED0D742B2}.Debug|x86.Build.0 = Debug|Win32
		{C8E13519-5F75-4D9C-B22E-20CED0D742B2}.Release|x64.ActiveCfg = Release|x64
		{C8E13519-5F75-4D9C-B22E-20CED0D742B2}.Release|x64.Build.0 = Release|x64
		{C8E13519-5F75-4D9C-B22E-20CED0D742B2}.Release|x86.ActiveCfg = Release|Win32
		{C8E13519-5F75-4D9C-B22E-20CED0D742B2}.Release|x86.Build.0 = Release|Win32
		{42DA729A-622B-416F-8A12-C44FA3DF67D0}.Debug|x64.ActiveCfg = Debug|Win32
		{42DA729A-622B-416F-8A12-C44FA3DF67D0}.Debug|x86.ActiveCfg = Debug|Win32
		{42DA729A-622B-416F-8A12-C44FA3DF67D0}.Debug|x86.Build.0 = Debug|Win32
		{42DA729A-622B-416F-8A12-C44FA3DF67D0}.Release|x64.ActiveCfg = Release|Win32
		{42DA729A-622B-416F-8A12-C44FA3DF67D0}.Release|x86.ActiveCfg = Release|Win32
		{42DA729A-622B-416F-8A12-C44FA3DF67D0}.Release|x86.Build.0 = Release|Win32
		{B495D082-C8B1-4B0F-87B2-805560290F99}.Debug|x64.ActiveCfg = Debug|Win32
		{B495D082-C8B1-4B0F-87B2-805560290F99}.Debug|x86.ActiveCfg = Debug|Win32
		{B495D082-C8B1-4B0F-87B2-805560290F99}.Debug|x86.Build.0 = Debug|Win32
		{B495D082-C8B1-4B0F-87B2-805560290F99}.Release|x64.ActiveCfg = Release|Win32
		{B495D082-C8B1-4B0F-87B2-805560290F99}.Release|x86.ActiveCfg = Release|Win32
		{B495D082-C8B1-4B0F-87B2-805560290F99}.Release|x86.Build.0 = Release|Win32
		{F64845A7-827D-4DFA-8206-4D248DB3D6CD}.Debug|x64.ActiveCfg = Debug|Win32
		{F64845A7-827D-4DFA-8206-4D248DB3D6CD}.Debug|x86.ActiveCfg = Debug|Win32
		{F64845A7-827D-4DFA-8206-4D248DB3D6CD}.Debug|x86.Build.0 = Debug|Win32
		{F64845A7-827D-4DFA-8206-4D248DB3D6CD}.Release|x64.ActiveCfg = Release|Win32
		{F64845A7-827D-4DFA-8206-4D248DB3D6CD}.Release|x86.ActiveCfg = Release|Win32
		{F64845A7-827D-4DFA-8206-4D248DB3D6CD}.Release|x86.Build.0 = Release|Win32
		{3FEAF0E0-8BB5-4B67-A665-7A829ABD1240}.Debug|x64.ActiveCfg = Debug|x64
		{3FEAF0E0-8BB5-4B67-A665-7A829ABD1240}.Debug|x64.Build.0 = Debug|x64
		{3FEAF0E0-8BB5-4B67-A665-7A829ABD1240}.Debug|x86.ActiveCfg = Debug|Win32
		{3FEAF0E0-8BB5-4B67-A665-7A829ABD1240}.Debug|x86.Build.0 = Debug|Win32
		{3FEAF0E0-8BB5-4B67-A665-7A829ABD1240}.Release|x64.ActiveCfg = Release|x64
		{3FEAF0E0-8BB5-4B67-A665-7A829ABD1240}.Release|x64.Build.0 = Release|x64
		{3FEAF0E0-8BB5-4B67-A665-7A829ABD1240}.Release|x86.ActiveCfg = Release|Win32
		{3FEAF0E0-8BB5-4B67-A665-7A829ABD1240}.Release|x86.Build.0 = Release|Win32
		{038F168B-8DCF-4E2C-A5DB-AE65A874CF35}.Debug|x64.ActiveCfg = Debug|Win32
		{038F168B-8DCF-4E2C-A5DB-AE65A874CF35}.Debug|x86.ActiveCfg = Debug|Win32
		{038F168B-8DCF-4E2C-A5DB-AE65A874CF35}.Debug|x86.Build.0 = Debug|Win32
		{038F168B-8DCF-4E2C-A5DB-AE65A874CF35}.Release|x64.ActiveCfg = Release|Win32
		{038F168B-8DCF-4E2C-A5DB-AE65A874CF35}.Release|x86.ActiveCfg = Release|Win32
		{038F168B-8DCF-4E2C-A5DB-AE65A874CF35}.Release|x86.Build.0 = Release|Win32
		{5EAA6DEF-4E95-48BA-9002-9DC2240BA24C}.Debug|x64.ActiveCfg = Debug|Win32
		{5EAA6DEF-4E95-48BA-9002-9DC2240BA24C}.Debug|x86.ActiveCfg = Debug|Win32
		{5EAA6DEF-4E95-48BA-9002-9DC2240BA24C}.Debug|x86.Build.0 = Debug|Win32
		{5EAA6DEF-4E95-48BA-9002-9DC2240BA24C}.Release|x64.ActiveCfg = Release|Win32
		{5EAA6DEF-4E95-48BA-9002-9DC2240BA24C}.Release|x86.ActiveCfg = Release|Win32
		{5EAA6DEF-4E95-48BA-9002-9DC2240BA24C}.Release|x86.Build.0 = Release|Win32
		{384ABF8F-C638-4ED2-B5CE-4B2786F48C85}.Debug|x64.ActiveCfg = Debug|Win32
		{384ABF8F-C638-4ED2-B5CE-4B2786F48C85}.Debug|x86.ActiveCfg = Debug|Win32
		{384ABF8F-C638-4ED2-B5CE-4B2786F48C85}.Debug|x86.Build.0 = Debug|Win32
		{384ABF8F-C638-4ED2-B5CE-4B2786F48C85}.Release|x64.ActiveCfg = Release|Win32
		{384ABF8F-C638-4ED2-B5CE-4B2786F48C85}.Release|x86.ActiveCfg = Release|Win32
		{384ABF8F-C638-4ED2-B5CE-4B2786F48C85}.Release|x86.Build.0 = Release|Win32
		{0E07AB8C-D31A-4DC1-B61E-88194D3FED50}.Debug|x64.ActiveCfg = Debug|x64
		{0E07AB8C-D31A-4DC1-B61E-88194D3FED50}.Debug|x64.Build.0 = Debug|x64
		{0E07AB8C-D31A-4DC1-B61E-88194D3FED50}.Debug|x86.ActiveCfg = Debug|Win32
		{0E07AB8C-D31A-4DC1-B61E-88194D3FED50}.Debug|x86.Build.0 = Debug|Win32
		{0E07AB8C-D31A-4DC1-B61E-88194D3FED50}.Release|x64.ActiveCfg = Release|x64
		{0E07AB8C-D31A-4DC1-B61E-88194D3FED50}.Release|x64.Build.0 = Release|x64
		{0E07AB8C-D31A-4DC1-B61E-88194D3FED50}.Release|x86.ActiveCfg = Release|Win32
		{0E07AB8C-D31A-4DC1-B61E-88194D3FED50}.Release|x86.Build.0 = Release|Win32
		{C4797E3F-25FB-4670-B0FC-018464C04EB9}.Debug|x64.ActiveCfg = Debug|x64
		{C4797E3F-25FB-4670-B0FC-018464C04EB9}.Debug|x64.Build.0 = Debug|x64
		{C4797E3F-25FB-4670-B0FC-018464C04EB9}.Debug|x86.ActiveCfg = Debug|Win32
		{C4797E3F-25FB-4670-B0FC-018464C04EB9}.Debug|x86.Build.0 = Debug|Win32
		{C4797E3F-25FB-4670-B0FC-018464C04EB9}.Release|x64.ActiveCfg = Release|x64
		{C4797E3F-25FB-4670-B0FC-018464C04EB9}.Release|x64.Build.0 = Release|x64
		{C4797E3F-25FB-4670-B0FC-018464C04EB9}.Release|x86.ActiveCfg = Release|Win32
		{C4797E3F-25FB-4670-B0FC-018464C04EB9}.Release|x86.Build.0 = Release|Win32
		{C8A42380-FFF5-4BFE-A22E-1BA652CC3D35}.Debug|x64.ActiveCfg = Debug|Win32
		{C8A42380-FFF5-4BFE-A22E-1BA652CC3D35}.Debug|x86.ActiveCfg = Debug|Win32
		{C8A42380-FFF5-4BFE-A22E-1BA652CC3D35}.Debug|x86.Build.0 = Debug|Win32
		{C8A42380-FFF5-4BFE-A22E-1BA652CC3D35}.Release|x64.ActiveCfg = Release|Win32
		{C8A42380-FFF5-4BFE-A22E-1BA652CC3D35}.Release|x86.ActiveCfg = Release|Win32
		{C8A42380-FFF5-4BFE-A22E-1BA652CC3D35}.Release|x86.Build.0 = Release|Win32
		{7AEF3CCD-66E5-46B6-97DF-97DF8DBFFEA1}.Debug|x64.ActiveCfg = Debug|x64
		{7AEF3CCD-66E5-46B6-97DF-97DF8DBFFEA1}.Debug|x64.Build.0 = Debug|x64
		{7AEF3CCD-66E5-46B6-97DF-97DF8DBFFEA1}.Debug|x86.ActiveCfg = Debug|Win32
		{7AEF3CCD-66E5-46B6-97DF-97DF8DBFFEA1}.Debug|x86.Build.0 = Debug|Win32
		{7AEF3CCD-66E5-46B6-97DF-97DF8DBFFEA1}.Release|x64.ActiveCfg = Release|x64
		{7AEF3CCD-66E5-46B6-97DF-97DF8DBFFEA1}.Release|x64.Build.0 = Release|x64
		{7AEF3CCD-66E5-46B6-97DF-97DF8DBFFEA1}.Release|x86.ActiveCfg = Release|Win32
		{7AEF3CCD-66E5-46B6-97DF-97DF8DBFFEA1}.Release|x86.Build.0 = Release|Win32
	EndGlobalSection
	GlobalSection(SolutionProperties) = preSolution
		HideSolutionNode = FALSE
	EndGlobalSection
	GlobalSection(ExtensibilityGlobals) = postSolution
		SolutionGuid = {C5D23E78-9A69-4FB9-9B60-8D5FBA5FC194}
	EndGlobalSection
EndGlobal
