<?xml version="1.0" encoding="utf-8"?>
<Project ToolsVersion="4.0" xmlns="http://schemas.microsoft.com/developer/msbuild/2003">
  <ItemGroup>
    <Filter Include="소스 파일">
      <UniqueIdentifier>{4FC737F1-C7A5-4376-A066-2A32D752A2FF}</UniqueIdentifier>
      <Extensions>cpp;c;cc;cxx;def;odl;idl;hpj;bat;asm;asmx</Extensions>
    </Filter>
    <Filter Include="헤더 파일">
      <UniqueIdentifier>{93995380-89BD-4b04-88EB-625FBE52EBFB}</UniqueIdentifier>
      <Extensions>h;hh;hpp;hxx;hm;inl;inc;xsd</Extensions>
    </Filter>
    <Filter Include="리소스 파일">
      <UniqueIdentifier>{67DA6AB6-F800-4c08-8B7A-83BB121AAD01}</UniqueIdentifier>
      <Extensions>rc;ico;cur;bmp;dlg;rc2;rct;bin;rgs;gif;jpg;jpeg;jpe;resx;tiff;tif;png;wav;mfcribbon-ms</Extensions>
    </Filter>
  </ItemGroup>
  <ItemGroup>
    <ClInclude Include="src\alien.h">
      <Filter>소스 파일</Filter>
    </ClInclude>
    <ClInclude Include="src\bullet.h">
      <Filter>소스 파일</Filter>
    </ClInclude>
    <ClInclude Include="src\cargo.h">
      <Filter>소스 파일</Filter>
    </ClInclude>
    <ClInclude Include="src\collectable.h">
      <Filter>소스 파일</Filter>
    </ClInclude>
    <ClInclude Include="src\colors.h">
      <Filter>소스 파일</Filter>
    </ClInclude>
    <ClInclude Include="src\cutscene.h">
      <Filter>소스 파일</Filter>
    </ClInclude>
    <ClInclude Include="src\defs.h">
      <Filter>소스 파일</Filter>
    </ClInclude>
    <ClInclude Include="src\engine.h">
      <Filter>소스 파일</Filter>
    </ClInclude>
    <ClInclude Include="src\event.h">
      <Filter>소스 파일</Filter>
    </ClInclude>
    <ClInclude Include="src\explosion.h">
      <Filter>소스 파일</Filter>
    </ClInclude>
    <ClInclude Include="src\game.h">
      <Filter>소스 파일</Filter>
    </ClInclude>
    <ClInclude Include="src\gfx.h">
      <Filter>소스 파일</Filter>
    </ClInclude>
    <ClInclude Include="src\info.h">
      <Filter>소스 파일</Filter>
    </ClInclude>
    <ClInclude Include="src\intermission.h">
      <Filter>소스 파일</Filter>
    </ClInclude>
    <ClInclude Include="src\mission.h">
      <Filter>소스 파일</Filter>
    </ClInclude>
    <ClInclude Include="src\player.h">
      <Filter>소스 파일</Filter>
    </ClInclude>
    <ClInclude Include="src\radio.h">
      <Filter>소스 파일</Filter>
    </ClInclude>
    <ClInclude Include="src\renderer.h">
      <Filter>소스 파일</Filter>
    </ClInclude>
    <ClInclude Include="src\save.h">
      <Filter>소스 파일</Filter>
    </ClInclude>
    <ClInclude Include="src\screen.h">
      <Filter>소스 파일</Filter>
    </ClInclude>
    <ClInclude Include="src\ship.h">
      <Filter>소스 파일</Filter>
    </ClInclude>
    <ClInclude Include="src\shop.h">
      <Filter>소스 파일</Filter>
    </ClInclude>
    <ClInclude Include="src\structs.h">
      <Filter>소스 파일</Filter>
    </ClInclude>
    <ClInclude Include="src\title.h">
      <Filter>소스 파일</Filter>
    </ClInclude>
    <ClInclude Include="src\weapons.h">
      <Filter>소스 파일</Filter>
    </ClInclude>
    <ClInclude Include="src\window.h">
      <Filter>소스 파일</Filter>
    </ClInclude>
  </ItemGroup>
  <ItemGroup>
    <ClCompile Include="src\alien.cpp">
      <Filter>소스 파일</Filter>
    </ClCompile>
    <ClCompile Include="src\audio.cpp">
      <Filter>소스 파일</Filter>
    </ClCompile>
    <ClCompile Include="src\bullet.cpp">
      <Filter>소스 파일</Filter>
    </ClCompile>
    <ClCompile Include="src\cargo.cpp">
      <Filter>소스 파일</Filter>
    </ClCompile>
    <ClCompile Include="src\collectable.cpp">
      <Filter>소스 파일</Filter>
    </ClCompile>
    <ClCompile Include="src\colors.cpp">
      <Filter>소스 파일</Filter>
    </ClCompile>
    <ClCompile Include="src\cutscene.cpp">
      <Filter>소스 파일</Filter>
    </ClCompile>
    <ClCompile Include="src\engine.cpp">
      <Filter>소스 파일</Filter>
    </ClCompile>
    <ClCompile Include="src\event.cpp">
      <Filter>소스 파일</Filter>
    </ClCompile>
    <ClCompile Include="src\explosion.cpp">
      <Filter>소스 파일</Filter>
    </ClCompile>
    <ClCompile Include="src\game.cpp">
      <Filter>소스 파일</Filter>
    </ClCompile>
    <ClCompile Include="src\gfx.cpp">
      <Filter>소스 파일</Filter>
    </ClCompile>
    <ClCompile Include="src\info.cpp">
      <Filter>소스 파일</Filter>
    </ClCompile>
    <ClCompile Include="src\intermission.cpp">
      <Filter>소스 파일</Filter>
    </ClCompile>
    <ClCompile Include="src\mission.cpp">
      <Filter>소스 파일</Filter>
    </ClCompile>
    <ClCompile Include="src\player.cpp">
      <Filter>소스 파일</Filter>
    </ClCompile>
    <ClCompile Include="src\radio.cpp">
      <Filter>소스 파일</Filter>
    </ClCompile>
    <ClCompile Include="src\renderer.cpp">
      <Filter>소스 파일</Filter>
    </ClCompile>
    <ClCompile Include="src\save.cpp">
      <Filter>소스 파일</Filter>
    </ClCompile>
    <ClCompile Include="src\screen.cpp">
      <Filter>소스 파일</Filter>
    </ClCompile>
    <ClCompile Include="src\ship.cpp">
      <Filter>소스 파일</Filter>
    </ClCompile>
    <ClCompile Include="src\shop.cpp">
      <Filter>소스 파일</Filter>
    </ClCompile>
    <ClCompile Include="src\Starfighter.cpp">
      <Filter>소스 파일</Filter>
    </ClCompile>
    <ClCompile Include="src\title.cpp">
      <Filter>소스 파일</Filter>
    </ClCompile>
    <ClCompile Include="src\weapons.cpp">
      <Filter>소스 파일</Filter>
    </ClCompile>
    <ClCompile Include="src\window.cpp">
      <Filter>소스 파일</Filter>
    </ClCompile>
  </ItemGroup>
  <ItemGroup>
    <None Include="src\Makefile.am">
      <Filter>소스 파일</Filter>
    </None>
    <None Include="src\Makefile.in">
      <Filter>소스 파일</Filter>
    </None>
  </ItemGroup>
</Project>