<?xml version="1.0" encoding="utf-8"?>
<Project ToolsVersion="4.0" xmlns="http://schemas.microsoft.com/developer/msbuild/2003">
  <ItemGroup>
    <Filter Include="소스 파일">
      <UniqueIdentifier>{4FC737F1-C7A5-4376-A066-2A32D752A2FF}</UniqueIdentifier>
      <Extensions>cpp;c;cc;cxx;def;odl;idl;hpj;bat;asm;asmx</Extensions>
    </Filter>
    <Filter Include="헤더 파일">
      <UniqueIdentifier>{93995380-89BD-4b04-88EB-625FBE52EBFB}</UniqueIdentifier>
      <Extensions>h;hh;hpp;hxx;hm;inl;inc;xsd</Extensions>
    </Filter>
    <Filter Include="리소스 파일">
      <UniqueIdentifier>{67DA6AB6-F800-4c08-8B7A-83BB121AAD01}</UniqueIdentifier>
      <Extensions>rc;ico;cur;bmp;dlg;rc2;rct;bin;rgs;gif;jpg;jpeg;jpe;resx;tiff;tif;png;wav;mfcribbon-ms</Extensions>
    </Filter>
  </ItemGroup>
  <ItemGroup>
    <ClCompile Include="src\cmdline_options.cpp">
      <Filter>소스 파일</Filter>
    </ClCompile>
    <ClCompile Include="src\constants.cpp">
      <Filter>소스 파일</Filter>
    </ClCompile>
    <ClCompile Include="src\figur.cpp">
      <Filter>소스 파일</Filter>
    </ClCompile>
    <ClCompile Include="src\funny_animation.cpp">
      <Filter>소스 파일</Filter>
    </ClCompile>
    <ClCompile Include="src\game.cpp">
      <Filter>소스 파일</Filter>
    </ClCompile>
    <ClCompile Include="src\ghost_figur.cpp">
      <Filter>소스 파일</Filter>
    </ClCompile>
    <ClCompile Include="src\highscore.cpp">
      <Filter>소스 파일</Filter>
    </ClCompile>
    <ClCompile Include="src\labyrinth.cpp">
      <Filter>소스 파일</Filter>
    </ClCompile>
    <ClCompile Include="src\level.cpp">
      <Filter>소스 파일</Filter>
    </ClCompile>
    <ClCompile Include="src\menu.cpp">
      <Filter>소스 파일</Filter>
    </ClCompile>
    <ClCompile Include="src\menu_about.cpp">
      <Filter>소스 파일</Filter>
    </ClCompile>
    <ClCompile Include="src\menu_item.cpp">
      <Filter>소스 파일</Filter>
    </ClCompile>
    <ClCompile Include="src\menu_main.cpp">
      <Filter>소스 파일</Filter>
    </ClCompile>
    <ClCompile Include="src\menu_options.cpp">
      <Filter>소스 파일</Filter>
    </ClCompile>
    <ClCompile Include="src\pacman.cpp">
      <Filter>소스 파일</Filter>
    </ClCompile>
    <ClCompile Include="src\pacman_figur.cpp">
      <Filter>소스 파일</Filter>
    </ClCompile>
    <ClCompile Include="src\pille.cpp">
      <Filter>소스 파일</Filter>
    </ClCompile>
    <ClCompile Include="src\platform.cpp">
      <Filter>소스 파일</Filter>
    </ClCompile>
    <ClCompile Include="src\rail.cpp">
      <Filter>소스 파일</Filter>
    </ClCompile>
    <ClCompile Include="src\screen.cpp">
      <Filter>소스 파일</Filter>
    </ClCompile>
    <ClCompile Include="src\sounds.cpp">
      <Filter>소스 파일</Filter>
    </ClCompile>
  </ItemGroup>
  <ItemGroup>
    <ClInclude Include="src\cmdline_options.h">
      <Filter>소스 파일</Filter>
    </ClInclude>
    <ClInclude Include="src\config.h">
      <Filter>소스 파일</Filter>
    </ClInclude>
    <ClInclude Include="src\constants.h">
      <Filter>소스 파일</Filter>
    </ClInclude>
    <ClInclude Include="src\figur.h">
      <Filter>소스 파일</Filter>
    </ClInclude>
    <ClInclude Include="src\funny_animation.h">
      <Filter>소스 파일</Filter>
    </ClInclude>
    <ClInclude Include="src\game.h">
      <Filter>소스 파일</Filter>
    </ClInclude>
    <ClInclude Include="src\ghost_figur.h">
      <Filter>소스 파일</Filter>
    </ClInclude>
    <ClInclude Include="src\highscore.h">
      <Filter>소스 파일</Filter>
    </ClInclude>
    <ClInclude Include="src\labyrinth.h">
      <Filter>소스 파일</Filter>
    </ClInclude>
    <ClInclude Include="src\labyrinth_observer.h">
      <Filter>소스 파일</Filter>
    </ClInclude>
    <ClInclude Include="src\level.h">
      <Filter>소스 파일</Filter>
    </ClInclude>
    <ClInclude Include="src\menu.h">
      <Filter>소스 파일</Filter>
    </ClInclude>
    <ClInclude Include="src\menu_about.h">
      <Filter>소스 파일</Filter>
    </ClInclude>
    <ClInclude Include="src\menu_item.h">
      <Filter>소스 파일</Filter>
    </ClInclude>
    <ClInclude Include="src\menu_main.h">
      <Filter>소스 파일</Filter>
    </ClInclude>
    <ClInclude Include="src\menu_options.h">
      <Filter>소스 파일</Filter>
    </ClInclude>
    <ClInclude Include="src\pacman.h">
      <Filter>소스 파일</Filter>
    </ClInclude>
    <ClInclude Include="src\pacman_figur.h">
      <Filter>소스 파일</Filter>
    </ClInclude>
    <ClInclude Include="src\pille.h">
      <Filter>소스 파일</Filter>
    </ClInclude>
    <ClInclude Include="src\platform.h">
      <Filter>소스 파일</Filter>
    </ClInclude>
    <ClInclude Include="src\rail.h">
      <Filter>소스 파일</Filter>
    </ClInclude>
    <ClInclude Include="src\screen.h">
      <Filter>소스 파일</Filter>
    </ClInclude>
    <ClInclude Include="src\sounds.h">
      <Filter>소스 파일</Filter>
    </ClInclude>
  </ItemGroup>
</Project>