<?xml version="1.0" encoding="utf-8"?>
<Project ToolsVersion="4.0" xmlns="http://schemas.microsoft.com/developer/msbuild/2003">
  <ItemGroup>
    <Filter Include="소스 파일">
      <UniqueIdentifier>{4FC737F1-C7A5-4376-A066-2A32D752A2FF}</UniqueIdentifier>
      <Extensions>cpp;c;cc;cxx;def;odl;idl;hpj;bat;asm;asmx</Extensions>
    </Filter>
    <Filter Include="헤더 파일">
      <UniqueIdentifier>{93995380-89BD-4b04-88EB-625FBE52EBFB}</UniqueIdentifier>
      <Extensions>h;hh;hpp;hxx;hm;inl;inc;xsd</Extensions>
    </Filter>
    <Filter Include="리소스 파일">
      <UniqueIdentifier>{67DA6AB6-F800-4c08-8B7A-83BB121AAD01}</UniqueIdentifier>
      <Extensions>rc;ico;cur;bmp;dlg;rc2;rct;bin;rgs;gif;jpg;jpeg;jpe;resx;tiff;tif;png;wav;mfcribbon-ms</Extensions>
    </Filter>
    <Filter Include="소스 파일\msxaudio">
      <UniqueIdentifier>{d81e6d96-5e68-4856-8b7b-e85f6598ef12}</UniqueIdentifier>
    </Filter>
    <Filter Include="소스 파일\device">
      <UniqueIdentifier>{14714871-d8e8-4f90-95a9-d2ae709765c3}</UniqueIdentifier>
    </Filter>
  </ItemGroup>
  <ItemGroup>
    <ClInclude Include="stdafx.h">
      <Filter>헤더 파일</Filter>
    </ClInclude>
    <ClInclude Include="targetver.h">
      <Filter>헤더 파일</Filter>
    </ClInclude>
    <ClInclude Include="dirent.h">
      <Filter>소스 파일</Filter>
    </ClInclude>
    <ClInclude Include="unistd.h">
      <Filter>소스 파일</Filter>
    </ClInclude>
    <ClInclude Include="AY8910.h">
      <Filter>소스 파일</Filter>
    </ClInclude>
    <ClInclude Include="Boot.h">
      <Filter>소스 파일</Filter>
    </ClInclude>
    <ClInclude Include="Codes.h">
      <Filter>소스 파일</Filter>
    </ClInclude>
    <ClInclude Include="CodesCB.h">
      <Filter>소스 파일</Filter>
    </ClInclude>
    <ClInclude Include="CodesED.h">
      <Filter>소스 파일</Filter>
    </ClInclude>
    <ClInclude Include="CodesXCB.h">
      <Filter>소스 파일</Filter>
    </ClInclude>
    <ClInclude Include="CodesXX.h">
      <Filter>소스 파일</Filter>
    </ClInclude>
    <ClInclude Include="Common.h">
      <Filter>소스 파일</Filter>
    </ClInclude>
    <ClInclude Include="DiskUtil.h">
      <Filter>소스 파일</Filter>
    </ClInclude>
    <ClInclude Include="Help.h">
      <Filter>소스 파일</Filter>
    </ClInclude>
    <ClInclude Include="I8251.h">
      <Filter>소스 파일</Filter>
    </ClInclude>
    <ClInclude Include="I8255.h">
      <Filter>소스 파일</Filter>
    </ClInclude>
    <ClInclude Include="LibUnix.h">
      <Filter>소스 파일</Filter>
    </ClInclude>
    <ClInclude Include="MIDIFreq.h">
      <Filter>소스 파일</Filter>
    </ClInclude>
    <ClInclude Include="MSX.h">
      <Filter>소스 파일</Filter>
    </ClInclude>
    <ClInclude Include="SCC.h">
      <Filter>소스 파일</Filter>
    </ClInclude>
    <ClInclude Include="Sound.h">
      <Filter>소스 파일</Filter>
    </ClInclude>
    <ClInclude Include="Tables.h">
      <Filter>소스 파일</Filter>
    </ClInclude>
    <ClInclude Include="V9938.h">
      <Filter>소스 파일</Filter>
    </ClInclude>
    <ClInclude Include="YM2413.h">
      <Filter>소스 파일</Filter>
    </ClInclude>
    <ClInclude Include="Z80.h">
      <Filter>소스 파일</Filter>
    </ClInclude>
    <ClInclude Include="_mingw.h">
      <Filter>소스 파일</Filter>
    </ClInclude>
    <ClInclude Include="Hires.h">
      <Filter>소스 파일</Filter>
    </ClInclude>
    <ClInclude Include="SDLfilter.h">
      <Filter>소스 파일</Filter>
    </ClInclude>
    <ClInclude Include="SDLfnt.h">
      <Filter>소스 파일</Filter>
    </ClInclude>
    <ClInclude Include="utime.h">
      <Filter>소스 파일</Filter>
    </ClInclude>
    <ClInclude Include="device\2413tone.h">
      <Filter>소스 파일\device</Filter>
    </ClInclude>
    <ClInclude Include="device\emu2149.h">
      <Filter>소스 파일\device</Filter>
    </ClInclude>
    <ClInclude Include="device\emu2212.h">
      <Filter>소스 파일\device</Filter>
    </ClInclude>
    <ClInclude Include="device\emu2413.h">
      <Filter>소스 파일\device</Filter>
    </ClInclude>
    <ClInclude Include="device\emu8950.h">
      <Filter>소스 파일\device</Filter>
    </ClInclude>
    <ClInclude Include="device\emu76489.h">
      <Filter>소스 파일\device</Filter>
    </ClInclude>
    <ClInclude Include="device\emuadpcm.h">
      <Filter>소스 파일\device</Filter>
    </ClInclude>
    <ClInclude Include="device\emutypes.h">
      <Filter>소스 파일\device</Filter>
    </ClInclude>
    <ClInclude Include="device\vrc7tone.h">
      <Filter>소스 파일\device</Filter>
    </ClInclude>
    <ClInclude Include="msxaudio\fmopl.h">
      <Filter>소스 파일\msxaudio</Filter>
    </ClInclude>
    <ClInclude Include="msxaudio\ymdeltat.h">
      <Filter>소스 파일\msxaudio</Filter>
    </ClInclude>
  </ItemGroup>
  <ItemGroup>
    <ClCompile Include="dummy.cpp">
      <Filter>소스 파일</Filter>
    </ClCompile>
    <ClCompile Include="win-gettimeofday.c">
      <Filter>소스 파일</Filter>
    </ClCompile>
    <ClCompile Include="AY8910.c">
      <Filter>소스 파일</Filter>
    </ClCompile>
    <ClCompile Include="Debug.c">
      <Filter>소스 파일</Filter>
    </ClCompile>
    <ClCompile Include="Disk.c">
      <Filter>소스 파일</Filter>
    </ClCompile>
    <ClCompile Include="fMSX.c">
      <Filter>소스 파일</Filter>
    </ClCompile>
    <ClCompile Include="I8251.c">
      <Filter>소스 파일</Filter>
    </ClCompile>
    <ClCompile Include="I8255.c">
      <Filter>소스 파일</Filter>
    </ClCompile>
    <ClCompile Include="LibUnix.c">
      <Filter>소스 파일</Filter>
    </ClCompile>
    <ClCompile Include="MSX.c">
      <Filter>소스 파일</Filter>
    </ClCompile>
    <ClCompile Include="Patch.c">
      <Filter>소스 파일</Filter>
    </ClCompile>
    <ClCompile Include="SCC.c">
      <Filter>소스 파일</Filter>
    </ClCompile>
    <ClCompile Include="SndUnix.c">
      <Filter>소스 파일</Filter>
    </ClCompile>
    <ClCompile Include="Sound.c">
      <Filter>소스 파일</Filter>
    </ClCompile>
    <ClCompile Include="Unix.c">
      <Filter>소스 파일</Filter>
    </ClCompile>
    <ClCompile Include="V9938.c">
      <Filter>소스 파일</Filter>
    </ClCompile>
    <ClCompile Include="YM2413.c">
      <Filter>소스 파일</Filter>
    </ClCompile>
    <ClCompile Include="Z80.c">
      <Filter>소스 파일</Filter>
    </ClCompile>
    <ClCompile Include="SDLfilter.c">
      <Filter>소스 파일</Filter>
    </ClCompile>
    <ClCompile Include="SDLgfx.c">
      <Filter>소스 파일</Filter>
    </ClCompile>
    <ClCompile Include="SDLsnd.c">
      <Filter>소스 파일</Filter>
    </ClCompile>
    <ClCompile Include="device\emu2149.c">
      <Filter>소스 파일\device</Filter>
    </ClCompile>
    <ClCompile Include="device\emu2212.c">
      <Filter>소스 파일\device</Filter>
    </ClCompile>
    <ClCompile Include="device\emu2413.c">
      <Filter>소스 파일\device</Filter>
    </ClCompile>
    <ClCompile Include="device\emu8950.c">
      <Filter>소스 파일\device</Filter>
    </ClCompile>
    <ClCompile Include="device\emu76489.c">
      <Filter>소스 파일\device</Filter>
    </ClCompile>
    <ClCompile Include="device\emuadpcm.c">
      <Filter>소스 파일\device</Filter>
    </ClCompile>
    <ClCompile Include="msxaudio\fmopl.c">
      <Filter>소스 파일\msxaudio</Filter>
    </ClCompile>
    <ClCompile Include="msxaudio\ymdeltat.c">
      <Filter>소스 파일\msxaudio</Filter>
    </ClCompile>
  </ItemGroup>
</Project>